<?xml version="1.0" encoding="utf-8"?>
<Project ToolsVersion="4.0" xmlns="http://schemas.microsoft.com/developer/msbuild/2003">
  <ItemGroup>
    <Filter Include="Source Files">
      <UniqueIdentifier>{4FC737F1-C7A5-4376-A066-2A32D752A2FF}</UniqueIdentifier>
      <Extensions>cpp;c;cc;cxx;def;odl;idl;hpj;bat;asm;asmx</Extensions>
    </Filter>
    <Filter Include="Header Files">
      <UniqueIdentifier>{93995380-89BD-4b04-88EB-625FBE52EBFB}</UniqueIdentifier>
      <Extensions>h;hpp;hxx;hm;inl;inc;xsd</Extensions>
    </Filter>
    <Filter Include="Resource Files">
      <UniqueIdentifier>{67DA6AB6-F800-4c08-8B7A-83BB121AAD01}</UniqueIdentifier>
      <Extensions>rc;ico;cur;bmp;dlg;rc2;rct;bin;rgs;gif;jpg;jpeg;jpe;resx;tiff;tif;png;wav</Extensions>
    </Filter>
    <Filter Include="Shaders">
      <UniqueIdentifier>{cc225075-770e-4039-8f2b-4822226ae36b}</UniqueIdentifier>
    </Filter>
  </ItemGroup>
  <ItemGroup>
    <ClCompile Include="D3D9.cpp">
      <Filter>Source Files</Filter>
    </ClCompile>
    <ClCompile Include="dllmain.cpp">
      <Filter>Source Files</Filter>
    </ClCompile>
    <ClCompile Include="stdafx.cpp">
      <Filter>Source Files</Filter>
    </ClCompile>
    <ClCompile Include="C9.cpp">
      <Filter>Source Files</Filter>
    </ClCompile>
    <ClCompile Include="CBaseTexture9.cpp">
      <Filter>Source Files</Filter>
    </ClCompile>
    <ClCompile Include="CResource9.cpp">
      <Filter>Source Files</Filter>
    </ClCompile>
    <ClCompile Include="CCubeTexture9.cpp">
      <Filter>Source Files</Filter>
    </ClCompile>
    <ClCompile Include="CDevice9.cpp">
      <Filter>Source Files</Filter>
    </ClCompile>
    <ClCompile Include="CIndexBuffer9.cpp">
      <Filter>Source Files</Filter>
    </ClCompile>
    <ClCompile Include="CPixelShader9.cpp">
      <Filter>Source Files</Filter>
    </ClCompile>
    <ClCompile Include="CQuery9.cpp">
      <Filter>Source Files</Filter>
    </ClCompile>
    <ClCompile Include="CSurface9.cpp">
      <Filter>Source Files</Filter>
    </ClCompile>
    <ClCompile Include="CTexture9.cpp">
      <Filter>Source Files</Filter>
    </ClCompile>
    <ClCompile Include="CTypes.cpp">
      <Filter>Source Files</Filter>
    </ClCompile>
    <ClCompile Include="CVertexBuffer9.cpp">
      <Filter>Source Files</Filter>
    </ClCompile>
    <ClCompile Include="CVertexShader9.cpp">
      <Filter>Source Files</Filter>
    </ClCompile>
    <ClCompile Include="CVolumeTexture9.cpp">
      <Filter>Source Files</Filter>
    </ClCompile>
    <ClCompile Include="CVertexDeclaration9.cpp">
      <Filter>Source Files</Filter>
    </ClCompile>
    <ClCompile Include="CStateBlock9.cpp">
      <Filter>Source Files</Filter>
    </ClCompile>
    <ClCompile Include="BufferManager.cpp">
      <Filter>Source Files</Filter>
    </ClCompile>
    <ClCompile Include="Utilities.cpp">
      <Filter>Source Files</Filter>
    </ClCompile>
    <ClCompile Include="VK9-Library.cpp">
      <Filter>Source Files</Filter>
    </ClCompile>
    <ClCompile Include="CSwapChain9.cpp">
      <Filter>Source Files</Filter>
    </ClCompile>
    <ClCompile Include="CRenderTargetSurface9.cpp">
      <Filter>Source Files</Filter>
    </ClCompile>
    <ClCompile Include="ShaderConverter.cpp">
      <Filter>Source Files</Filter>
    </ClCompile>
    <ClCompile Include="GarbageManager.cpp">
      <Filter>Source Files</Filter>
    </ClCompile>
    <ClCompile Include="Perf_CommandStreamManager.cpp">
      <Filter>Source Files</Filter>
    </ClCompile>
    <ClCompile Include="Perf_StateManager.cpp">
      <Filter>Source Files</Filter>
    </ClCompile>
    <ClCompile Include="Perf_RenderManager.cpp">
      <Filter>Source Files</Filter>
    </ClCompile>
  </ItemGroup>
  <ItemGroup>
    <ClInclude Include="stdafx.h">
      <Filter>Header Files</Filter>
    </ClInclude>
    <ClInclude Include="targetver.h">
      <Filter>Header Files</Filter>
    </ClInclude>
    <ClInclude Include="C9.h">
      <Filter>Header Files</Filter>
    </ClInclude>
    <ClInclude Include="CBaseTexture9.h">
      <Filter>Header Files</Filter>
    </ClInclude>
    <ClInclude Include="CResource9.h">
      <Filter>Header Files</Filter>
    </ClInclude>
    <ClInclude Include="CCubeTexture9.h">
      <Filter>Header Files</Filter>
    </ClInclude>
    <ClInclude Include="CDevice9.h">
      <Filter>Header Files</Filter>
    </ClInclude>
    <ClInclude Include="CIndexBuffer9.h">
      <Filter>Header Files</Filter>
    </ClInclude>
    <ClInclude Include="CPixelShader9.h">
      <Filter>Header Files</Filter>
    </ClInclude>
    <ClInclude Include="CQuery9.h">
      <Filter>Header Files</Filter>
    </ClInclude>
    <ClInclude Include="CSurface9.h">
      <Filter>Header Files</Filter>
    </ClInclude>
    <ClInclude Include="CTexture9.h">
      <Filter>Header Files</Filter>
    </ClInclude>
    <ClInclude Include="CTypes.h">
      <Filter>Header Files</Filter>
    </ClInclude>
    <ClInclude Include="CVertexBuffer9.h">
      <Filter>Header Files</Filter>
    </ClInclude>
    <ClInclude Include="CVertexDeclaration9.h">
      <Filter>Header Files</Filter>
    </ClInclude>
    <ClInclude Include="CVertexShader9.h">
      <Filter>Header Files</Filter>
    </ClInclude>
    <ClInclude Include="CVolumeTexture9.h">
      <Filter>Header Files</Filter>
    </ClInclude>
    <ClInclude Include="Utilities.h">
      <Filter>Header Files</Filter>
    </ClInclude>
    <ClInclude Include="CStateBlock9.h">
      <Filter>Header Files</Filter>
    </ClInclude>
    <ClInclude Include="BufferManager.h">
      <Filter>Header Files</Filter>
    </ClInclude>
    <ClInclude Include="resource.h">
      <Filter>Header Files</Filter>
    </ClInclude>
    <ClInclude Include="PrivateTypes.h">
      <Filter>Header Files</Filter>
    </ClInclude>
    <ClInclude Include="VK9-Library.h">
      <Filter>Header Files</Filter>
    </ClInclude>
    <ClInclude Include="CSwapChain9.h">
      <Filter>Header Files</Filter>
    </ClInclude>
    <ClInclude Include="CRenderTargetSurface9.h">
      <Filter>Header Files</Filter>
    </ClInclude>
    <ClInclude Include="ShaderConverter.h">
      <Filter>Header Files</Filter>
    </ClInclude>
    <ClInclude Include="GarbageManager.h">
      <Filter>Header Files</Filter>
    </ClInclude>
    <ClInclude Include="Perf_CommandStreamManager.h">
      <Filter>Header Files</Filter>
    </ClInclude>
    <ClInclude Include="Perf_RenderManager.h">
      <Filter>Header Files</Filter>
    </ClInclude>
    <ClInclude Include="Perf_StateManager.h">
      <Filter>Header Files</Filter>
    </ClInclude>
  </ItemGroup>
  <ItemGroup>
    <None Include="d3d9.def">
      <Filter>Source Files</Filter>
    </None>
    <None Include="shader1.bin">
      <Filter>Resource Files</Filter>
    </None>
    <None Include="VK9.conf" />
    <None Include="Shaders\VertexBuffer_XYZ_DIFFUSE.geom">
      <Filter>Shaders</Filter>
    </None>
  </ItemGroup>
  <ItemGroup>
    <ResourceCompile Include="Shaders.rc">
      <Filter>Resource Files</Filter>
    </ResourceCompile>
  </ItemGroup>
  <ItemGroup>
    <CustomBuild Include="Shaders\VertexBuffer_XYZ_NORMAL.frag">
      <Filter>Shaders</Filter>
    </CustomBuild>
    <CustomBuild Include="Shaders\VertexBuffer_XYZ_DIFFUSE.frag">
      <Filter>Shaders</Filter>
    </CustomBuild>
    <CustomBuild Include="Shaders\VertexBuffer_XYZ_DIFFUSE.vert">
      <Filter>Shaders</Filter>
    </CustomBuild>
    <CustomBuild Include="Shaders\VertexBuffer_XYZ_DIFFUSE_TEX1.frag">
      <Filter>Shaders</Filter>
    </CustomBuild>
    <CustomBuild Include="Shaders\VertexBuffer_XYZ_DIFFUSE_TEX1.vert">
      <Filter>Shaders</Filter>
    </CustomBuild>
    <CustomBuild Include="Shaders\VertexBuffer_XYZ_DIFFUSE_TEX2.frag">
      <Filter>Shaders</Filter>
    </CustomBuild>
    <CustomBuild Include="Shaders\VertexBuffer_XYZ_DIFFUSE_TEX2.vert">
      <Filter>Shaders</Filter>
    </CustomBuild>
    <CustomBuild Include="Shaders\VertexBuffer_XYZ_NORMAL.vert">
      <Filter>Shaders</Filter>
    </CustomBuild>
    <CustomBuild Include="Shaders\VertexBuffer_XYZ_NORMAL_DIFFUSE_TEX2.frag">
      <Filter>Shaders</Filter>
    </CustomBuild>
    <CustomBuild Include="Shaders\VertexBuffer_XYZ_NORMAL_DIFFUSE_TEX2.vert">
      <Filter>Shaders</Filter>
    </CustomBuild>
    <CustomBuild Include="Shaders\VertexBuffer_XYZ_NORMAL_TEX1.frag">
      <Filter>Shaders</Filter>
    </CustomBuild>
    <CustomBuild Include="Shaders\VertexBuffer_XYZ_NORMAL_TEX1.vert">
      <Filter>Shaders</Filter>
    </CustomBuild>
    <CustomBuild Include="Shaders\VertexBuffer_XYZ_TEX1.frag">
      <Filter>Shaders</Filter>
    </CustomBuild>
    <CustomBuild Include="Shaders\VertexBuffer_XYZ_TEX1.vert">
      <Filter>Shaders</Filter>
    </CustomBuild>
    <CustomBuild Include="Shaders\VertexBuffer_XYZ_TEX2.frag">
      <Filter>Shaders</Filter>
    </CustomBuild>
    <CustomBuild Include="Shaders\VertexBuffer_XYZ_TEX2.vert">
      <Filter>Shaders</Filter>
    </CustomBuild>
    <CustomBuild Include="Shaders\VertexBuffer_XYZ_NORMAL_DIFFUSE.frag">
      <Filter>Shaders</Filter>
    </CustomBuild>
    <CustomBuild Include="Shaders\VertexBuffer_XYZ_NORMAL_DIFFUSE.vert">
      <Filter>Shaders</Filter>
    </CustomBuild>
  </ItemGroup>
</Project>